
Microsoft Visual Studio Solution File, Format Version 12.00
# Visual Studio Version 16
VisualStudioVersion = 16.0.30717.126
MinimumVisualStudioVersion = 10.0.40219.1
Project("{FAE04EC0-301F-11D3-BF4B-00C04F79EFBC}") = "TRMDataManager", "TRMDataManager\TRMDataManager.csproj", "{4C7A4CB4-4FEA-4C8C-B712-71E044A7BC80}"
EndProject
Project("{00D1A9C2-B5F0-4AF3-8072-F6C62B433612}") = "TRMData", "TRMData\TRMData.sqlproj", "{77560AB2-75F4-4E08-9F3B-E69D6D106A27}"
EndProject
Project("{FAE04EC0-301F-11D3-BF4B-00C04F79EFBC}") = "TRMDesktopUI", "TRMDesktopUI\TRMDesktopUI.csproj", "{E6A6611E-8AC8-4364-ABC9-F6FB4B18ADD9}"
EndProject
Project("{FAE04EC0-301F-11D3-BF4B-00C04F79EFBC}") = "TRMDataManager.Library", "TRMDataManager.Library\TRMDataManager.Library.csproj", "{41AA748D-4ADF-43E9-836A-4C0F3D48970C}"
EndProject
Project("{FAE04EC0-301F-11D3-BF4B-00C04F79EFBC}") = "TRMDesktopUI.Library", "TRMDesktopUI.Library\TRMDesktopUI.Library.csproj", "{312260D4-1A89-4D5F-AC4D-167A8A7ED0A6}"
EndProject
Global
	GlobalSection(SolutionConfigurationPlatforms) = preSolution
		Debug|Any CPU = Debug|Any CPU
		Release|Any CPU = Release|Any CPU
	EndGlobalSection
	GlobalSection(ProjectConfigurationPlatforms) = postSolution
		{4C7A4CB4-4FEA-4C8C-B712-71E044A7BC80}.Debug|Any CPU.ActiveCfg = Debug|Any CPU
		{4C7A4CB4-4FEA-4C8C-B712-71E044A7BC80}.Debug|Any CPU.Build.0 = Debug|Any CPU
		{4C7A4CB4-4FEA-4C8C-B712-71E044A7BC80}.Release|Any CPU.ActiveCfg = Release|Any CPU
		{4C7A4CB4-4FEA-4C8C-B712-71E044A7BC80}.Release|Any CPU.Build.0 = Release|Any CPU
		{77560AB2-75F4-4E08-9F3B-E69D6D106A27}.Debug|Any CPU.ActiveCfg = Debug|Any CPU
		{77560AB2-75F4-4E08-9F3B-E69D6D106A27}.Debug|Any CPU.Build.0 = Debug|Any CPU
		{77560AB2-75F4-4E08-9F3B-E69D6D106A27}.Debug|Any CPU.Deploy.0 = Debug|Any CPU
		{77560AB2-75F4-4E08-9F3B-E69D6D106A27}.Release|Any CPU.ActiveCfg = Release|Any CPU
		{77560AB2-75F4-4E08-9F3B-E69D6D106A27}.Release|Any CPU.Build.0 = Release|Any CPU
		{77560AB2-75F4-4E08-9F3B-E69D6D106A27}.Release|Any CPU.Deploy.0 = Release|Any CPU
		{E6A6611E-8AC8-4364-ABC9-F6FB4B18ADD9}.Debug|Any CPU.ActiveCfg = Debug|Any CPU
		{E6A6611E-8AC8-4364-ABC9-F6FB4B18ADD9}.Debug|Any CPU.Build.0 = Debug|Any CPU
		{E6A6611E-8AC8-4364-ABC9-F6FB4B18ADD9}.Release|Any CPU.ActiveCfg = Release|Any CPU
		{E6A6611E-8AC8-4364-ABC9-F6FB4B18ADD9}.Release|Any CPU.Build.0 = Release|Any CPU
		{41AA748D-4ADF-43E9-836A-4C0F3D48970C}.Debug|Any CPU.ActiveCfg = Debug|Any CPU
		{41AA748D-4ADF-43E9-836A-4C0F3D48970C}.Debug|Any CPU.Build.0 = Debug|Any CPU
		{41AA748D-4ADF-43E9-836A-4C0F3D48970C}.Release|Any CPU.ActiveCfg = Release|Any CPU
		{41AA748D-4ADF-43E9-836A-4C0F3D48970C}.Release|Any CPU.Build.0 = Release|Any CPU
		{312260D4-1A89-4D5F-AC4D-167A8A7ED0A6}.Debug|Any CPU.ActiveCfg = Debug|Any CPU
		{312260D4-1A89-4D5F-AC4D-167A8A7ED0A6}.Debug|Any CPU.Build.0 = Debug|Any CPU
		{312260D4-1A89-4D5F-AC4D-167A8A7ED0A6}.Release|Any CPU.ActiveCfg = Release|Any CPU
		{312260D4-1A89-4D5F-AC4D-167A8A7ED0A6}.Release|Any CPU.Build.0 = Release|Any CPU
	EndGlobalSection
	GlobalSection(SolutionProperties) = preSolution
		HideSolutionNode = FALSE
	EndGlobalSection
	GlobalSection(ExtensibilityGlobals) = postSolution
		SolutionGuid = {04A6907F-C277-4FDD-9BD6-A6F3F49A9D03}
	EndGlobalSection
EndGlobal
